// !$*UTF8*$!
{
	archiveVersion = 1;
	classes = {
	};
	objectVersion = 77;
	objects = {

/* Begin PBXContainerItemProxy section */
		C40D0DEE2CE28102009C1249 /* PBXContainerItemProxy */ = {
			isa = PBXContainerItemProxy;
			containerPortal = C40D0DD52CE28100009C1249 /* Project object */;
			proxyType = 1;
			remoteGlobalIDString = C40D0DDC2CE28100009C1249;
			remoteInfo = CaptureGO;
		};
		C40D0DF82CE28102009C1249 /* PBXContainerItemProxy */ = {
			isa = PBXContainerItemProxy;
			containerPortal = C40D0DD52CE28100009C1249 /* Project object */;
			proxyType = 1;
			remoteGlobalIDString = C40D0DDC2CE28100009C1249;
			remoteInfo = CaptureGO;
		};
/* End PBXContainerItemProxy section */

/* Begin PBXFileReference section */
		C40D0DDD2CE28100009C1249 /* CaptureGO.app */ = {isa = PBXFileReference; explicitFileType = wrapper.application; includeInIndex = 0; path = CaptureGO.app; sourceTree = BUILT_PRODUCTS_DIR; };
		C40D0DED2CE28102009C1249 /* CaptureGOTests.xctest */ = {isa = PBXFileReference; explicitFileType = wrapper.cfbundle; includeInIndex = 0; path = CaptureGOTests.xctest; sourceTree = BUILT_PRODUCTS_DIR; };
		C40D0DF72CE28102009C1249 /* CaptureGOUITests.xctest */ = {isa = PBXFileReference; explicitFileType = wrapper.cfbundle; includeInIndex = 0; path = CaptureGOUITests.xctest; sourceTree = BUILT_PRODUCTS_DIR; };
/* End PBXFileReference section */

/* Begin PBXFileSystemSynchronizedRootGroup section */
		C40D0DDF2CE28100009C1249 /* CaptureGO */ = {
			isa = PBXFileSystemSynchronizedRootGroup;
			path = CaptureGO;
			sourceTree = "<group>";
		};
		C40D0DF02CE28102009C1249 /* CaptureGOTests */ = {
			isa = PBXFileSystemSynchronizedRootGroup;
			path = CaptureGOTests;
			sourceTree = "<group>";
		};
		C40D0DFA2CE28102009C1249 /* CaptureGOUITests */ = {
			isa = PBXFileSystemSynchronizedRootGroup;
			path = CaptureGOUITests;
			sourceTree = "<group>";
		};
/* End PBXFileSystemSynchronizedRootGroup section */

/* Begin PBXFrameworksBuildPhase section */
		C40D0DDA2CE28100009C1249 /* Frameworks */ = {
			isa = PBXFrameworksBuildPhase;
			buildActionMask = 2147483647;
			files = (
			);
			runOnlyForDeploymentPostprocessing = 0;
		};
		C40D0DEA2CE28102009C1249 /* Frameworks */ = {
			isa = PBXFrameworksBuildPhase;
			buildActionMask = 2147483647;
			files = (
			);
			runOnlyForDeploymentPostprocessing = 0;
		};
		C40D0DF42CE28102009C1249 /* Frameworks */ = {
			isa = PBXFrameworksBuildPhase;
			buildActionMask = 2147483647;
			files = (
			);
			runOnlyForDeploymentPostprocessing = 0;
		};
/* End PBXFrameworksBuildPhase section */

/* Begin PBXGroup section */
		C40D0DD42CE28100009C1249 = {
			isa = PBXGroup;
			children = (
				C40D0DDF2CE28100009C1249 /* CaptureGO */,
				C40D0DF02CE28102009C1249 /* CaptureGOTests */,
				C40D0DFA2CE28102009C1249 /* CaptureGOUITests */,
				C40D0DDE2CE28100009C1249 /* Products */,
			);
			sourceTree = "<group>";
		};
		C40D0DDE2CE28100009C1249 /* Products */ = {
			isa = PBXGroup;
			children = (
				C40D0DDD2CE28100009C1249 /* CaptureGO.app */,
				C40D0DED2CE28102009C1249 /* CaptureGOTests.xctest */,
				C40D0DF72CE28102009C1249 /* CaptureGOUITests.xctest */,
			);
			name = Products;
			sourceTree = "<group>";
		};
/* End PBXGroup section */

/* Begin PBXNativeTarget section */
		C40D0DDC2CE28100009C1249 /* CaptureGO */ = {
			isa = PBXNativeTarget;
			buildConfigurationList = C40D0E012CE28102009C1249 /* Build configuration list for PBXNativeTarget "CaptureGO" */;
			buildPhases = (
				C40D0DD92CE28100009C1249 /* Sources */,
				C40D0DDA2CE28100009C1249 /* Frameworks */,
				C40D0DDB2CE28100009C1249 /* Resources */,
			);
			buildRules = (
			);
			dependencies = (
			);
			fileSystemSynchronizedGroups = (
				C40D0DDF2CE28100009C1249 /* CaptureGO */,
			);
			name = CaptureGO;
			packageProductDependencies = (
			);
			productName = CaptureGO;
			productReference = C40D0DDD2CE28100009C1249 /* CaptureGO.app */;
			productType = "com.apple.product-type.application";
		};
		C40D0DEC2CE28102009C1249 /* CaptureGOTests */ = {
			isa = PBXNativeTarget;
			buildConfigurationList = C40D0E042CE28102009C1249 /* Build configuration list for PBXNativeTarget "CaptureGOTests" */;
			buildPhases = (
				C40D0DE92CE28102009C1249 /* Sources */,
				C40D0DEA2CE28102009C1249 /* Frameworks */,
				C40D0DEB2CE28102009C1249 /* Resources */,
			);
			buildRules = (
			);
			dependencies = (
				C40D0DEF2CE28102009C1249 /* PBXTargetDependency */,
			);
			fileSystemSynchronizedGroups = (
				C40D0DF02CE28102009C1249 /* CaptureGOTests */,
			);
			name = CaptureGOTests;
			packageProductDependencies = (
			);
			productName = CaptureGOTests;
			productReference = C40D0DED2CE28102009C1249 /* CaptureGOTests.xctest */;
			productType = "com.apple.product-type.bundle.unit-test";
		};
		C40D0DF62CE28102009C1249 /* CaptureGOUITests */ = {
			isa = PBXNativeTarget;
			buildConfigurationList = C40D0E072CE28102009C1249 /* Build configuration list for PBXNativeTarget "CaptureGOUITests" */;
			buildPhases = (
				C40D0DF32CE28102009C1249 /* Sources */,
				C40D0DF42CE28102009C1249 /* Frameworks */,
				C40D0DF52CE28102009C1249 /* Resources */,
			);
			buildRules = (
			);
			dependencies = (
				C40D0DF92CE28102009C1249 /* PBXTargetDependency */,
			);
			fileSystemSynchronizedGroups = (
				C40D0DFA2CE28102009C1249 /* CaptureGOUITests */,
			);
			name = CaptureGOUITests;
			packageProductDependencies = (
			);
			productName = CaptureGOUITests;
			productReference = C40D0DF72CE28102009C1249 /* CaptureGOUITests.xctest */;
			productType = "com.apple.product-type.bundle.ui-testing";
		};
/* End PBXNativeTarget section */

/* Begin PBXProject section */
		C40D0DD52CE28100009C1249 /* Project object */ = {
			isa = PBXProject;
			attributes = {
				BuildIndependentTargetsInParallel = 1;
				LastSwiftUpdateCheck = 1610;
				LastUpgradeCheck = 1610;
				TargetAttributes = {
					C40D0DDC2CE28100009C1249 = {
						CreatedOnToolsVersion = 16.1;
					};
					C40D0DEC2CE28102009C1249 = {
						CreatedOnToolsVersion = 16.1;
						TestTargetID = C40D0DDC2CE28100009C1249;
					};
					C40D0DF62CE28102009C1249 = {
						CreatedOnToolsVersion = 16.1;
						TestTargetID = C40D0DDC2CE28100009C1249;
					};
				};
			};
			buildConfigurationList = C40D0DD82CE28100009C1249 /* Build configuration list for PBXProject "CaptureGO" */;
			developmentRegion = en;
			hasScannedForEncodings = 0;
			knownRegions = (
				en,
				Base,
			);
			mainGroup = C40D0DD42CE28100009C1249;
			minimizedProjectReferenceProxies = 1;
			preferredProjectObjectVersion = 77;
			productRefGroup = C40D0DDE2CE28100009C1249 /* Products */;
			projectDirPath = "";
			projectRoot = "";
			targets = (
				C40D0DDC2CE28100009C1249 /* CaptureGO */,
				C40D0DEC2CE28102009C1249 /* CaptureGOTests */,
				C40D0DF62CE28102009C1249 /* CaptureGOUITests */,
			);
		};
/* End PBXProject section */

/* Begin PBXResourcesBuildPhase section */
		C40D0DDB2CE28100009C1249 /* Resources */ = {
			isa = PBXResourcesBuildPhase;
			buildActionMask = 2147483647;
			files = (
			);
			runOnlyForDeploymentPostprocessing = 0;
		};
		C40D0DEB2CE28102009C1249 /* Resources */ = {
			isa = PBXResourcesBuildPhase;
			buildActionMask = 2147483647;
			files = (
			);
			runOnlyForDeploymentPostprocessing = 0;
		};
		C40D0DF52CE28102009C1249 /* Resources */ = {
			isa = PBXResourcesBuildPhase;
			buildActionMask = 2147483647;
			files = (
			);
			runOnlyForDeploymentPostprocessing = 0;
		};
/* End PBXResourcesBuildPhase section */

/* Begin PBXSourcesBuildPhase section */
		C40D0DD92CE28100009C1249 /* Sources */ = {
			isa = PBXSourcesBuildPhase;
			buildActionMask = 2147483647;
			files = (
			);
			runOnlyForDeploymentPostprocessing = 0;
		};
		C40D0DE92CE28102009C1249 /* Sources */ = {
			isa = PBXSourcesBuildPhase;
			buildActionMask = 2147483647;
			files = (
			);
			runOnlyForDeploymentPostprocessing = 0;
		};
		C40D0DF32CE28102009C1249 /* Sources */ = {
			isa = PBXSourcesBuildPhase;
			buildActionMask = 2147483647;
			files = (
			);
			runOnlyForDeploymentPostprocessing = 0;
		};
/* End PBXSourcesBuildPhase section */

/* Begin PBXTargetDependency section */
		C40D0DEF2CE28102009C1249 /* PBXTargetDependency */ = {
			isa = PBXTargetDependency;
			target = C40D0DDC2CE28100009C1249 /* CaptureGO */;
			targetProxy = C40D0DEE2CE28102009C1249 /* PBXContainerItemProxy */;
		};
		C40D0DF92CE28102009C1249 /* PBXTargetDependency */ = {
			isa = PBXTargetDependency;
			target = C40D0DDC2CE28100009C1249 /* CaptureGO */;
			targetProxy = C40D0DF82CE28102009C1249 /* PBXContainerItemProxy */;
		};
/* End PBXTargetDependency section */

/* Begin XCBuildConfiguration section */
		C40D0DFF2CE28102009C1249 /* Debug */ = {
			isa = XCBuildConfiguration;
			buildSettings = {
				ALWAYS_SEARCH_USER_PATHS = NO;
				ASSETCATALOG_COMPILER_GENERATE_SWIFT_ASSET_SYMBOL_EXTENSIONS = YES;
				CLANG_ANALYZER_NONNULL = YES;
				CLANG_ANALYZER_NUMBER_OBJECT_CONVERSION = YES_AGGRESSIVE;
				CLANG_CXX_LANGUAGE_STANDARD = "gnu++20";
				CLANG_ENABLE_MODULES = YES;
				CLANG_ENABLE_OBJC_ARC = YES;
				CLANG_ENABLE_OBJC_WEAK = YES;
				CLANG_WARN_BLOCK_CAPTURE_AUTORELEASING = YES;
				CLANG_WARN_BOOL_CONVERSION = YES;
				CLANG_WARN_COMMA = YES;
				CLANG_WARN_CONSTANT_CONVERSION = YES;
				CLANG_WARN_DEPRECATED_OBJC_IMPLEMENTATIONS = YES;
				CLANG_WARN_DIRECT_OBJC_ISA_USAGE = YES_ERROR;
				CLANG_WARN_DOCUMENTATION_COMMENTS = YES;
				CLANG_WARN_EMPTY_BODY = YES;
				CLANG_WARN_ENUM_CONVERSION = YES;
				CLANG_WARN_INFINITE_RECURSION = YES;
				CLANG_WARN_INT_CONVERSION = YES;
				CLANG_WARN_NON_LITERAL_NULL_CONVERSION = YES;
				CLANG_WARN_OBJC_IMPLICIT_RETAIN_SELF = YES;
				CLANG_WARN_OBJC_LITERAL_CONVERSION = YES;
				CLANG_WARN_OBJC_ROOT_CLASS = YES_ERROR;
				CLANG_WARN_QUOTED_INCLUDE_IN_FRAMEWORK_HEADER = YES;
				CLANG_WARN_RANGE_LOOP_ANALYSIS = YES;
				CLANG_WARN_STRICT_PROTOTYPES = YES;
				CLANG_WARN_SUSPICIOUS_MOVE = YES;
				CLANG_WARN_UNGUARDED_AVAILABILITY = YES_AGGRESSIVE;
				CLANG_WARN_UNREACHABLE_CODE = YES;
				CLANG_WARN__DUPLICATE_METHOD_MATCH = YES;
				COPY_PHASE_STRIP = NO;
				DEBUG_INFORMATION_FORMAT = dwarf;
				ENABLE_STRICT_OBJC_MSGSEND = YES;
				ENABLE_TESTABILITY = YES;
				ENABLE_USER_SCRIPT_SANDBOXING = YES;
				GCC_C_LANGUAGE_STANDARD = gnu17;
				GCC_DYNAMIC_NO_PIC = NO;
				GCC_NO_COMMON_BLOCKS = YES;
				GCC_OPTIMIZATION_LEVEL = 0;
				GCC_PREPROCESSOR_DEFINITIONS = (
					"DEBUG=1",
					"$(inherited)",
				);
				GCC_WARN_64_TO_32_BIT_CONVERSION = YES;
				GCC_WARN_ABOUT_RETURN_TYPE = YES_ERROR;
				GCC_WARN_UNDECLARED_SELECTOR = YES;
				GCC_WARN_UNINITIALIZED_AUTOS = YES_AGGRESSIVE;
				GCC_WARN_UNUSED_FUNCTION = YES;
				GCC_WARN_UNUSED_VARIABLE = YES;
				IPHONEOS_DEPLOYMENT_TARGET = 18.1;
				LOCALIZATION_PREFERS_STRING_CATALOGS = YES;
				MTL_ENABLE_DEBUG_INFO = INCLUDE_SOURCE;
				MTL_FAST_MATH = YES;
				ONLY_ACTIVE_ARCH = YES;
				SDKROOT = iphoneos;
				SWIFT_ACTIVE_COMPILATION_CONDITIONS = "DEBUG $(inherited)";
				SWIFT_OPTIMIZATION_LEVEL = "-Onone";
			};
			name = Debug;
		};
		C40D0E002CE28102009C1249 /* Release */ = {
			isa = XCBuildConfiguration;
			buildSettings = {
				ALWAYS_SEARCH_USER_PATHS = NO;
				ASSETCATALOG_COMPILER_GENERATE_SWIFT_ASSET_SYMBOL_EXTENSIONS = YES;
				CLANG_ANALYZER_NONNULL = YES;
				CLANG_ANALYZER_NUMBER_OBJECT_CONVERSION = YES_AGGRESSIVE;
				CLANG_CXX_LANGUAGE_STANDARD = "gnu++20";
				CLANG_ENABLE_MODULES = YES;
				CLANG_ENABLE_OBJC_ARC = YES;
				CLANG_ENABLE_OBJC_WEAK = YES;
				CLANG_WARN_BLOCK_CAPTURE_AUTORELEASING = YES;
				CLANG_WARN_BOOL_CONVERSION = YES;
				CLANG_WARN_COMMA = YES;
				CLANG_WARN_CONSTANT_CONVERSION = YES;
				CLANG_WARN_DEPRECATED_OBJC_IMPLEMENTATIONS = YES;
				CLANG_WARN_DIRECT_OBJC_ISA_USAGE = YES_ERROR;
				CLANG_WARN_DOCUMENTATION_COMMENTS = YES;
				CLANG_WARN_EMPTY_BODY = YES;
				CLANG_WARN_ENUM_CONVERSION = YES;
				CLANG_WARN_INFINITE_RECURSION = YES;
				CLANG_WARN_INT_CONVERSION = YES;
				CLANG_WARN_NON_LITERAL_NULL_CONVERSION = YES;
				CLANG_WARN_OBJC_IMPLICIT_RETAIN_SELF = YES;
				CLANG_WARN_OBJC_LITERAL_CONVERSION = YES;
				CLANG_WARN_OBJC_ROOT_CLASS = YES_ERROR;
				CLANG_WARN_QUOTED_INCLUDE_IN_FRAMEWORK_HEADER = YES;
				CLANG_WARN_RANGE_LOOP_ANALYSIS = YES;
				CLANG_WARN_STRICT_PROTOTYPES = YES;
				CLANG_WARN_SUSPICIOUS_MOVE = YES;
				CLANG_WARN_UNGUARDED_AVAILABILITY = YES_AGGRESSIVE;
				CLANG_WARN_UNREACHABLE_CODE = YES;
				CLANG_WARN__DUPLICATE_METHOD_MATCH = YES;
				COPY_PHASE_STRIP = NO;
				DEBUG_INFORMATION_FORMAT = "dwarf-with-dsym";
				ENABLE_NS_ASSERTIONS = NO;
				ENABLE_STRICT_OBJC_MSGSEND = YES;
				ENABLE_USER_SCRIPT_SANDBOXING = YES;
				GCC_C_LANGUAGE_STANDARD = gnu17;
				GCC_NO_COMMON_BLOCKS = YES;
				GCC_WARN_64_TO_32_BIT_CONVERSION = YES;
				GCC_WARN_ABOUT_RETURN_TYPE = YES_ERROR;
				GCC_WARN_UNDECLARED_SELECTOR = YES;
				GCC_WARN_UNINITIALIZED_AUTOS = YES_AGGRESSIVE;
				GCC_WARN_UNUSED_FUNCTION = YES;
				GCC_WARN_UNUSED_VARIABLE = YES;
				IPHONEOS_DEPLOYMENT_TARGET = 18.1;
				LOCALIZATION_PREFERS_STRING_CATALOGS = YES;
				MTL_ENABLE_DEBUG_INFO = NO;
				MTL_FAST_MATH = YES;
				SDKROOT = iphoneos;
				SWIFT_COMPILATION_MODE = wholemodule;
				VALIDATE_PRODUCT = YES;
			};
			name = Release;
		};
		C40D0E022CE28102009C1249 /* Debug */ = {
			isa = XCBuildConfiguration;
			buildSettings = {
				ASSETCATALOG_COMPILER_APPICON_NAME = AppIcon;
				ASSETCATALOG_COMPILER_GLOBAL_ACCENT_COLOR_NAME = AccentColor;
				CODE_SIGN_STYLE = Automatic;
				CURRENT_PROJECT_VERSION = 1;
				DEVELOPMENT_ASSET_PATHS = "\"CaptureGO/Preview Content\"";
				DEVELOPMENT_TEAM = RZM4D23U42;
				ENABLE_PREVIEWS = YES;
				GENERATE_INFOPLIST_FILE = YES;
				INFOPLIST_KEY_UIApplicationSceneManifest_Generation = YES;
				INFOPLIST_KEY_UIApplicationSupportsIndirectInputEvents = YES;
				INFOPLIST_KEY_UILaunchScreen_Generation = YES;
				INFOPLIST_KEY_UISupportedInterfaceOrientations_iPad = "UIInterfaceOrientationPortrait UIInterfaceOrientationPortraitUpsideDown UIInterfaceOrientationLandscapeLeft UIInterfaceOrientationLandscapeRight";
				INFOPLIST_KEY_UISupportedInterfaceOrientations_iPhone = "UIInterfaceOrientationPortrait UIInterfaceOrientationLandscapeLeft UIInterfaceOrientationLandscapeRight";
				LD_RUNPATH_SEARCH_PATHS = (
					"$(inherited)",
					"@executable_path/Frameworks",
				);
				MARKETING_VERSION = 1.0;
				PRODUCT_BUNDLE_IDENTIFIER = com.practice.CaptureGO;
				PRODUCT_NAME = "$(TARGET_NAME)";
				SWIFT_EMIT_LOC_STRINGS = YES;
				SWIFT_VERSION = 5.0;
				TARGETED_DEVICE_FAMILY = "1,2";
			};
			name = Debug;
		};
		C40D0E032CE28102009C1249 /* Release */ = {
			isa = XCBuildConfiguration;
			buildSettings = {
				ASSETCATALOG_COMPILER_APPICON_NAME = AppIcon;
				ASSETCATALOG_COMPILER_GLOBAL_ACCENT_COLOR_NAME = AccentColor;
				CODE_SIGN_STYLE = Automatic;
				CURRENT_PROJECT_VERSION = 1;
				DEVELOPMENT_ASSET_PATHS = "\"CaptureGO/Preview Content\"";
				DEVELOPMENT_TEAM = RZM4D23U42;
				ENABLE_PREVIEWS = YES;
				GENERATE_INFOPLIST_FILE = YES;
				INFOPLIST_KEY_UIApplicationSceneManifest_Generation = YES;
				INFOPLIST_KEY_UIApplicationSupportsIndirectInputEvents = YES;
				INFOPLIST_KEY_UILaunchScreen_Generation = YES;
				INFOPLIST_KEY_UISupportedInterfaceOrientations_iPad = "UIInterfaceOrientationPortrait UIInterfaceOrientationPortraitUpsideDown UIInterfaceOrientationLandscapeLeft UIInterfaceOrientationLandscapeRight";
				INFOPLIST_KEY_UISupportedInterfaceOrientations_iPhone = "UIInterfaceOrientationPortrait UIInterfaceOrientationLandscapeLeft UIInterfaceOrientationLandscapeRight";
				LD_RUNPATH_SEARCH_PATHS = (
					"$(inherited)",
					"@executable_path/Frameworks",
				);
				MARKETING_VERSION = 1.0;
				PRODUCT_BUNDLE_IDENTIFIER = com.practice.CaptureGO;
				PRODUCT_NAME = "$(TARGET_NAME)";
				SWIFT_EMIT_LOC_STRINGS = YES;
				SWIFT_VERSION = 5.0;
				TARGETED_DEVICE_FAMILY = "1,2";
			};
			name = Release;
		};
		C40D0E052CE28102009C1249 /* Debug */ = {
			isa = XCBuildConfiguration;
			buildSettings = {
				BUNDLE_LOADER = "$(TEST_HOST)";
				CODE_SIGN_STYLE = Automatic;
				CURRENT_PROJECT_VERSION = 1;
				DEVELOPMENT_TEAM = RZM4D23U42;
				GENERATE_INFOPLIST_FILE = YES;
				IPHONEOS_DEPLOYMENT_TARGET = 18.1;
				MARKETING_VERSION = 1.0;
				PRODUCT_BUNDLE_IDENTIFIER = com.practice.CaptureGOTests;
				PRODUCT_NAME = "$(TARGET_NAME)";
				SWIFT_EMIT_LOC_STRINGS = NO;
				SWIFT_VERSION = 5.0;
				TARGETED_DEVICE_FAMILY = "1,2";
				TEST_HOST = "$(BUILT_PRODUCTS_DIR)/CaptureGO.app/$(BUNDLE_EXECUTABLE_FOLDER_PATH)/CaptureGO";
			};
			name = Debug;
		};
		C40D0E062CE28102009C1249 /* Release */ = {
			isa = XCBuildConfiguration;
			buildSettings = {
				BUNDLE_LOADER = "$(TEST_HOST)";
				CODE_SIGN_STYLE = Automatic;
				CURRENT_PROJECT_VERSION = 1;
				DEVELOPMENT_TEAM = RZM4D23U42;
				GENERATE_INFOPLIST_FILE = YES;
				IPHONEOS_DEPLOYMENT_TARGET = 18.1;
				MARKETING_VERSION = 1.0;
				PRODUCT_BUNDLE_IDENTIFIER = com.practice.CaptureGOTests;
				PRODUCT_NAME = "$(TARGET_NAME)";
				SWIFT_EMIT_LOC_STRINGS = NO;
				SWIFT_VERSION = 5.0;
				TARGETED_DEVICE_FAMILY = "1,2";
				TEST_HOST = "$(BUILT_PRODUCTS_DIR)/CaptureGO.app/$(BUNDLE_EXECUTABLE_FOLDER_PATH)/CaptureGO";
			};
			name = Release;
		};
		C40D0E082CE28102009C1249 /* Debug */ = {
			isa = XCBuildConfiguration;
			buildSettings = {
				CODE_SIGN_STYLE = Automatic;
				CURRENT_PROJECT_VERSION = 1;
				DEVELOPMENT_TEAM = RZM4D23U42;
				GENERATE_INFOPLIST_FILE = YES;
				MARKETING_VERSION = 1.0;
				PRODUCT_BUNDLE_IDENTIFIER = com.practice.CaptureGOUITests;
				PRODUCT_NAME = "$(TARGET_NAME)";
				SWIFT_EMIT_LOC_STRINGS = NO;
				SWIFT_VERSION = 5.0;
				TARGETED_DEVICE_FAMILY = "1,2";
				TEST_TARGET_NAME = CaptureGO;
			};
			name = Debug;
		};
		C40D0E092CE28102009C1249 /* Release */ = {
			isa = XCBuildConfiguration;
			buildSettings = {
				CODE_SIGN_STYLE = Automatic;
				CURRENT_PROJECT_VERSION = 1;
				DEVELOPMENT_TEAM = RZM4D23U42;
				GENERATE_INFOPLIST_FILE = YES;
				MARKETING_VERSION = 1.0;
				PRODUCT_BUNDLE_IDENTIFIER = com.practice.CaptureGOUITests;
				PRODUCT_NAME = "$(TARGET_NAME)";
				SWIFT_EMIT_LOC_STRINGS = NO;
				SWIFT_VERSION = 5.0;
				TARGETED_DEVICE_FAMILY = "1,2";
				TEST_TARGET_NAME = CaptureGO;
			};
			name = Release;
		};
/* End XCBuildConfiguration section */

/* Begin XCConfigurationList section */
		C40D0DD82CE28100009C1249 /* Build configuration list for PBXProject "CaptureGO" */ = {
			isa = XCConfigurationList;
			buildConfigurations = (
				C40D0DFF2CE28102009C1249 /* Debug */,
				C40D0E002CE28102009C1249 /* Release */,
			);
			defaultConfigurationIsVisible = 0;
			defaultConfigurationName = Release;
		};
		C40D0E012CE28102009C1249 /* Build configuration list for PBXNativeTarget "CaptureGO" */ = {
			isa = XCConfigurationList;
			buildConfigurations = (
				C40D0E022CE28102009C1249 /* Debug */,
				C40D0E032CE28102009C1249 /* Release */,
			);
			defaultConfigurationIsVisible = 0;
			defaultConfigurationName = Release;
		};
		C40D0E042CE28102009C1249 /* Build configuration list for PBXNativeTarget "CaptureGOTests" */ = {
			isa = XCConfigurationList;
			buildConfigurations = (
				C40D0E052CE28102009C1249 /* Debug */,
				C40D0E062CE28102009C1249 /* Release */,
			);
			defaultConfigurationIsVisible = 0;
			defaultConfigurationName = Release;
		};
		C40D0E072CE28102009C1249 /* Build configuration list for PBXNativeTarget "CaptureGOUITests" */ = {
			isa = XCConfigurationList;
			buildConfigurations = (
				C40D0E082CE28102009C1249 /* Debug */,
				C40D0E092CE28102009C1249 /* Release */,
			);
			defaultConfigurationIsVisible = 0;
			defaultConfigurationName = Release;
		};
/* End XCConfigurationList section */
	};
	rootObject = C40D0DD52CE28100009C1249 /* Project object */;
}
